
Microsoft Visual Studio Solution File, Format Version 12.00
# Visual Studio 2012
Project("{FAE04EC0-301F-11D3-BF4B-00C04F79EFBC}") = "Server", "Server\Server.csproj", "{0C37BAF1-78CB-4A0D-B6A0-88E70CE0D7F8}"
EndProject
Project("{FAE04EC0-301F-11D3-BF4B-00C04F79EFBC}") = "HttpTestClient", "HttpTestClient\HttpTestClient.csproj", "{61245431-14CF-44B3-88FF-BA027FBC4E8C}"
EndProject
Global
	GlobalSection(SolutionConfigurationPlatforms) = preSolution
		Debug|Any CPU = Debug|Any CPU
		Release|Any CPU = Release|Any CPU
	EndGlobalSection
	GlobalSection(ProjectConfigurationPlatforms) = postSolution
		{0C37BAF1-78CB-4A0D-B6A0-88E70CE0D7F8}.Debug|Any CPU.ActiveCfg = Debug|Any CPU
		{0C37BAF1-78CB-4A0D-B6A0-88E70CE0D7F8}.Debug|Any CPU.Build.0 = Debug|Any CPU
		{0C37BAF1-78CB-4A0D-B6A0-88E70CE0D7F8}.Release|Any CPU.ActiveCfg = Release|Any CPU
		{0C37BAF1-78CB-4A0D-B6A0-88E70CE0D7F8}.Release|Any CPU.Build.0 = Release|Any CPU
		{61245431-14CF-44B3-88FF-BA027FBC4E8C}.Debug|Any CPU.ActiveCfg = Debug|Any CPU
		{61245431-14CF-44B3-88FF-BA027FBC4E8C}.Debug|Any CPU.Build.0 = Debug|Any CPU
		{61245431-14CF-44B3-88FF-BA027FBC4E8C}.Release|Any CPU.ActiveCfg = Release|Any CPU
		{61245431-14CF-44B3-88FF-BA027FBC4E8C}.Release|Any CPU.Build.0 = Release|Any CPU
	EndGlobalSection
	GlobalSection(SolutionProperties) = preSolution
		HideSolutionNode = FALSE
	EndGlobalSection
EndGlobal
